
Microsoft Visual Studio Solution File, Format Version 12.00
Project("{FAE04EC0-301F-11D3-BF4B-00C04F79EFBC}") = "LibraryManagment", "LibraryManagment\LibraryManagment.csproj", "{103D09F1-0436-4BA4-8479-D555A9CA9C96}"
EndProject
Project("{FAE04EC0-301F-11D3-BF4B-00C04F79EFBC}") = "LibraryManagment.Tests", "LibraryManagment.Tests\LibraryManagment.Tests.csproj", "{29069A75-9380-4781-B6F0-DFBED8F435D4}"
EndProject
Global
	GlobalSection(SolutionConfigurationPlatforms) = preSolution
		Debug|Any CPU = Debug|Any CPU
		Release|Any CPU = Release|Any CPU
	EndGlobalSection
	GlobalSection(ProjectConfigurationPlatforms) = postSolution
		{103D09F1-0436-4BA4-8479-D555A9CA9C96}.Debug|Any CPU.ActiveCfg = Debug|Any CPU
		{103D09F1-0436-4BA4-8479-D555A9CA9C96}.Debug|Any CPU.Build.0 = Debug|Any CPU
		{103D09F1-0436-4BA4-8479-D555A9CA9C96}.Release|Any CPU.ActiveCfg = Release|Any CPU
		{103D09F1-0436-4BA4-8479-D555A9CA9C96}.Release|Any CPU.Build.0 = Release|Any CPU
		{29069A75-9380-4781-B6F0-DFBED8F435D4}.Debug|Any CPU.ActiveCfg = Debug|Any CPU
		{29069A75-9380-4781-B6F0-DFBED8F435D4}.Debug|Any CPU.Build.0 = Debug|Any CPU
		{29069A75-9380-4781-B6F0-DFBED8F435D4}.Release|Any CPU.ActiveCfg = Release|Any CPU
		{29069A75-9380-4781-B6F0-DFBED8F435D4}.Release|Any CPU.Build.0 = Release|Any CPU
	EndGlobalSection
EndGlobal
